<?xml version="1.0" encoding="utf-8"?>
<Project ToolsVersion="4.0" xmlns="http://schemas.microsoft.com/developer/msbuild/2003">
  <ItemGroup>
    <Filter Include="ソース ファイル">
      <UniqueIdentifier>{4FC737F1-C7A5-4376-A066-2A32D752A2FF}</UniqueIdentifier>
      <Extensions>cpp;c;cc;cxx;c++;cppm;ixx;def;odl;idl;hpj;bat;asm;asmx</Extensions>
    </Filter>
    <Filter Include="リソース ファイル">
      <UniqueIdentifier>{67DA6AB6-F800-4c08-8B7A-83BB121AAD01}</UniqueIdentifier>
      <Extensions>rc;ico;cur;bmp;dlg;rc2;rct;bin;rgs;gif;jpg;jpeg;jpe;resx;tiff;tif;png;wav;mfcribbon-ms</Extensions>
    </Filter>
    <Filter Include="ソース ファイル\Base">
      <UniqueIdentifier>{e6d7322f-8b86-418c-9e4a-56bebf97fe86}</UniqueIdentifier>
    </Filter>
    <Filter Include="ソース ファイル\scene">
      <UniqueIdentifier>{807cd1ef-3b24-4a77-a629-7dad3c8a1009}</UniqueIdentifier>
    </Filter>
    <Filter Include="ソース ファイル\manager">
      <UniqueIdentifier>{c3d54e97-a0bd-410e-83c8-25079eaae248}</UniqueIdentifier>
    </Filter>
    <Filter Include="ソース ファイル\camera">
      <UniqueIdentifier>{cc117ea6-a7a3-4076-be42-23ed644f3ca4}</UniqueIdentifier>
    </Filter>
    <Filter Include="ソース ファイル\input">
      <UniqueIdentifier>{2d3ddfd7-2f25-4c9a-89cd-db3c1b1aa889}</UniqueIdentifier>
    </Filter>
    <Filter Include="ソース ファイル\player">
      <UniqueIdentifier>{177446bf-eb68-46e6-99cd-5c968117d403}</UniqueIdentifier>
    </Filter>
    <Filter Include="ソース ファイル\map">
      <UniqueIdentifier>{0564d51b-3b2a-45a6-905c-a0ad4e3256b2}</UniqueIdentifier>
    </Filter>
    <Filter Include="ソース ファイル\player\state">
      <UniqueIdentifier>{25ee530f-5c21-4ee8-9271-3b0bedbca70d}</UniqueIdentifier>
    </Filter>
    <Filter Include="ソース ファイル\player\state\Base">
      <UniqueIdentifier>{94073645-165e-4d0d-b42d-68b29060cef2}</UniqueIdentifier>
    </Filter>
    <Filter Include="ヘッダー ファイル">
      <UniqueIdentifier>{93995380-89BD-4b04-88EB-625FBE52EBFB}</UniqueIdentifier>
      <Extensions>h;hh;hpp;hxx;h++;hm;inl;inc;ipp;xsd</Extensions>
    </Filter>
  </ItemGroup>
  <ItemGroup>
    <ClCompile Include="main.cpp">
      <Filter>ソース ファイル</Filter>
    </ClCompile>
    <ClCompile Include="BaseScene.cpp">
      <Filter>ソース ファイル\Base</Filter>
    </ClCompile>
    <ClCompile Include="Game.cpp">
      <Filter>ソース ファイル\scene</Filter>
    </ClCompile>
    <ClCompile Include="SceneManager.cpp">
      <Filter>ソース ファイル\manager</Filter>
    </ClCompile>
    <ClCompile Include="Camera.cpp">
      <Filter>ソース ファイル\camera</Filter>
    </ClCompile>
    <ClCompile Include="Input.cpp">
      <Filter>ソース ファイル\input</Filter>
    </ClCompile>
    <ClCompile Include="Player.cpp">
      <Filter>ソース ファイル\player</Filter>
    </ClCompile>
    <ClCompile Include="BaseChara.cpp">
      <Filter>ソース ファイル\Base</Filter>
    </ClCompile>
    <ClCompile Include="BaseObject.cpp">
      <Filter>ソース ファイル\Base</Filter>
    </ClCompile>
    <ClCompile Include="Map.cpp">
      <Filter>ソース ファイル\map</Filter>
    </ClCompile>
    <ClCompile Include="Idle.cpp">
      <Filter>ソース ファイル\player\state</Filter>
    </ClCompile>
    <ClCompile Include="PlayerStateActionBase.cpp">
      <Filter>ソース ファイル\player\state\Base</Filter>
    </ClCompile>
    <ClCompile Include="Run.cpp">
      <Filter>ソース ファイル\player\state</Filter>
    </ClCompile>
    <ClCompile Include="Jump.cpp">
      <Filter>ソース ファイル\player\state</Filter>
    </ClCompile>
    <ClCompile Include="Falling_Idle.cpp">
      <Filter>ソース ファイル\player\state</Filter>
    </ClCompile>
  </ItemGroup>
  <ItemGroup>
    <ClInclude Include="Include.h">
      <Filter>ヘッダー ファイル</Filter>
    </ClInclude>
    <ClInclude Include="BaseScene.h">
      <Filter>ソース ファイル\Base</Filter>
    </ClInclude>
    <ClInclude Include="Game.h">
      <Filter>ソース ファイル\scene</Filter>
    </ClInclude>
    <ClInclude Include="SceneManager.h">
      <Filter>ソース ファイル\manager</Filter>
    </ClInclude>
    <ClInclude Include="Camera.h">
      <Filter>ソース ファイル\camera</Filter>
    </ClInclude>
    <ClInclude Include="Input.h">
      <Filter>ソース ファイル\input</Filter>
    </ClInclude>
    <ClInclude Include="Player.h">
      <Filter>ソース ファイル\player</Filter>
    </ClInclude>
    <ClInclude Include="BaseChara.h">
      <Filter>ソース ファイル\Base</Filter>
    </ClInclude>
    <ClInclude Include="BaseObject.h">
      <Filter>ソース ファイル\Base</Filter>
    </ClInclude>
    <ClInclude Include="Map.h">
      <Filter>ソース ファイル\map</Filter>
    </ClInclude>
    <ClInclude Include="Idle.h">
      <Filter>ソース ファイル\player\state</Filter>
    </ClInclude>
    <ClInclude Include="PlayerStateActionBase.h">
      <Filter>ソース ファイル\player\state\Base</Filter>
    </ClInclude>
    <ClInclude Include="Run.h">
      <Filter>ソース ファイル\player\state</Filter>
    </ClInclude>
    <ClInclude Include="Jump.h">
      <Filter>ソース ファイル\player\state</Filter>
    </ClInclude>
    <ClInclude Include="Falling_Idle.h">
      <Filter>ソース ファイル\player\state</Filter>
    </ClInclude>
    <ClInclude Include="playerState.h">
      <Filter>ヘッダー ファイル</Filter>
    </ClInclude>
  </ItemGroup>
</Project>