<?xml version="1.0" encoding="utf-8"?>
<Project ToolsVersion="4.0" xmlns="http://schemas.microsoft.com/developer/msbuild/2003">
  <ItemGroup>
    <Filter Include="ソース ファイル">
      <UniqueIdentifier>{4FC737F1-C7A5-4376-A066-2A32D752A2FF}</UniqueIdentifier>
      <Extensions>cpp;c;cc;cxx;c++;cppm;ixx;def;odl;idl;hpj;bat;asm;asmx</Extensions>
    </Filter>
    <Filter Include="リソース ファイル">
      <UniqueIdentifier>{67DA6AB6-F800-4c08-8B7A-83BB121AAD01}</UniqueIdentifier>
      <Extensions>rc;ico;cur;bmp;dlg;rc2;rct;bin;rgs;gif;jpg;jpeg;jpe;resx;tiff;tif;png;wav;mfcribbon-ms</Extensions>
    </Filter>
    <Filter Include="ソース ファイル\Base">
      <UniqueIdentifier>{e6d7322f-8b86-418c-9e4a-56bebf97fe86}</UniqueIdentifier>
    </Filter>
    <Filter Include="ソース ファイル\manager">
      <UniqueIdentifier>{c3d54e97-a0bd-410e-83c8-25079eaae248}</UniqueIdentifier>
    </Filter>
    <Filter Include="ヘッダー ファイル">
      <UniqueIdentifier>{93995380-89BD-4b04-88EB-625FBE52EBFB}</UniqueIdentifier>
      <Extensions>h;hh;hpp;hxx;h++;hm;inl;inc;ipp;xsd</Extensions>
    </Filter>
    <Filter Include="ソース ファイル\Base\BaseChara">
      <UniqueIdentifier>{664a45f2-e5e7-4051-97ee-a2ea2a076b72}</UniqueIdentifier>
    </Filter>
    <Filter Include="ソース ファイル\Base\BaseObject">
      <UniqueIdentifier>{5ac518b0-1420-4c76-901c-f90170dca77b}</UniqueIdentifier>
    </Filter>
    <Filter Include="ソース ファイル\scene">
      <UniqueIdentifier>{807cd1ef-3b24-4a77-a629-7dad3c8a1009}</UniqueIdentifier>
    </Filter>
    <Filter Include="ソース ファイル\Interface">
      <UniqueIdentifier>{afce07c3-8b4b-4627-8ebd-9c137f3559d0}</UniqueIdentifier>
    </Filter>
    <Filter Include="ソース ファイル\Base\ObjectManger">
      <UniqueIdentifier>{3c9af978-4dce-4a6a-a3a2-4ce57e88ddaa}</UniqueIdentifier>
    </Filter>
    <Filter Include="ソース ファイル\Observer">
      <UniqueIdentifier>{459a351b-37b9-47ad-bac3-326a179a787f}</UniqueIdentifier>
    </Filter>
    <Filter Include="ソース ファイル\Observer\coin">
      <UniqueIdentifier>{e2711408-00da-4bab-8418-b491d612c8f1}</UniqueIdentifier>
    </Filter>
    <Filter Include="ソース ファイル\scene\game">
      <UniqueIdentifier>{9eccd043-a013-4e79-b8f8-cfb630ddb564}</UniqueIdentifier>
    </Filter>
    <Filter Include="ソース ファイル\scene\title">
      <UniqueIdentifier>{255ab7dd-7a36-464c-8fbb-98ea412fa487}</UniqueIdentifier>
    </Filter>
    <Filter Include="ソース ファイル\object">
      <UniqueIdentifier>{f5620648-641a-4b56-a6a1-0e7ee83e33d2}</UniqueIdentifier>
    </Filter>
    <Filter Include="ソース ファイル\static">
      <UniqueIdentifier>{4f17fc1a-f8a2-447c-87ed-88689d1bdfd5}</UniqueIdentifier>
    </Filter>
    <Filter Include="ソース ファイル\static\Calculation">
      <UniqueIdentifier>{cf99dbc9-50f2-4910-97b1-cd46a3c5e262}</UniqueIdentifier>
    </Filter>
    <Filter Include="ソース ファイル\static\hitCheck">
      <UniqueIdentifier>{747415d6-9e60-46ba-8625-edba46362216}</UniqueIdentifier>
    </Filter>
    <Filter Include="ソース ファイル\static\Debug">
      <UniqueIdentifier>{60b018f4-5600-4481-a5d7-0e2b4316e13a}</UniqueIdentifier>
    </Filter>
    <Filter Include="ソース ファイル\static\Pad">
      <UniqueIdentifier>{d2f54360-56d9-43c7-a511-49726d43ccd9}</UniqueIdentifier>
    </Filter>
    <Filter Include="ソース ファイル\scene\result">
      <UniqueIdentifier>{c1f0c082-192f-467c-81eb-b67f7ef24bda}</UniqueIdentifier>
    </Filter>
    <Filter Include="ソース ファイル\Base\UI">
      <UniqueIdentifier>{d5b51631-8c3b-41df-8337-fa8a8aa08ccf}</UniqueIdentifier>
    </Filter>
    <Filter Include="ソース ファイル\manager\UI">
      <UniqueIdentifier>{0cd8d1ae-02d9-40ae-bcd4-85c71d8cc491}</UniqueIdentifier>
    </Filter>
    <Filter Include="ソース ファイル\Observer\playerState">
      <UniqueIdentifier>{d6b58774-3bf9-4b89-aba4-0877ea9343aa}</UniqueIdentifier>
    </Filter>
    <Filter Include="ソース ファイル\Base\BaseScene">
      <UniqueIdentifier>{378eeac6-818c-493c-b8c7-d8a11c305dc3}</UniqueIdentifier>
    </Filter>
    <Filter Include="ソース ファイル\object\game">
      <UniqueIdentifier>{d34609d8-b5f8-4b9f-b2b1-6fce63407292}</UniqueIdentifier>
    </Filter>
    <Filter Include="ソース ファイル\object\game\camera">
      <UniqueIdentifier>{cc117ea6-a7a3-4076-be42-23ed644f3ca4}</UniqueIdentifier>
    </Filter>
    <Filter Include="ソース ファイル\object\game\coin">
      <UniqueIdentifier>{ee632bc8-260c-4376-bdbe-b6979949e267}</UniqueIdentifier>
    </Filter>
    <Filter Include="ソース ファイル\object\game\field">
      <UniqueIdentifier>{64988ae3-2089-4141-9140-37e45360d8db}</UniqueIdentifier>
    </Filter>
    <Filter Include="ソース ファイル\object\game\finishCut">
      <UniqueIdentifier>{b38ff83a-cf0d-471a-852e-9aa8dbc57bc4}</UniqueIdentifier>
    </Filter>
    <Filter Include="ソース ファイル\object\game\tutorial">
      <UniqueIdentifier>{19085903-b420-471d-b6ac-998333d85a5b}</UniqueIdentifier>
    </Filter>
    <Filter Include="ソース ファイル\object\game\player">
      <UniqueIdentifier>{177446bf-eb68-46e6-99cd-5c968117d403}</UniqueIdentifier>
    </Filter>
    <Filter Include="ソース ファイル\object\game\player\moveCalclation">
      <UniqueIdentifier>{f9dc51d6-1cdb-4363-bbf5-2cf3ddbf8b9d}</UniqueIdentifier>
    </Filter>
    <Filter Include="ソース ファイル\object\game\player\animationChanger">
      <UniqueIdentifier>{abdff138-57d9-4360-b150-7469ae254d34}</UniqueIdentifier>
    </Filter>
    <Filter Include="ソース ファイル\object\game\shadow">
      <UniqueIdentifier>{fc540499-a255-488c-9209-0f2b29b3851c}</UniqueIdentifier>
    </Filter>
    <Filter Include="ソース ファイル\object\game\UI">
      <UniqueIdentifier>{c948dba5-aa4d-4d17-aee9-30e4bf5bc655}</UniqueIdentifier>
    </Filter>
    <Filter Include="ソース ファイル\object\game\UI\UI_controlManual">
      <UniqueIdentifier>{2cc8af79-44e4-41ff-b736-2c506a061bfc}</UniqueIdentifier>
    </Filter>
    <Filter Include="ソース ファイル\object\game\UI\coin">
      <UniqueIdentifier>{8df00727-c934-4d6b-9b46-d1764bc00fed}</UniqueIdentifier>
    </Filter>
    <Filter Include="ソース ファイル\object\result">
      <UniqueIdentifier>{65675199-6e5e-473c-8ac2-f810db254481}</UniqueIdentifier>
    </Filter>
    <Filter Include="ソース ファイル\object\result\rank">
      <UniqueIdentifier>{dfbeeeaf-587b-4050-9709-c2babfe3b8ae}</UniqueIdentifier>
    </Filter>
    <Filter Include="ソース ファイル\static\json">
      <UniqueIdentifier>{c2fdffe0-4070-4057-9cf7-b8f503264f1b}</UniqueIdentifier>
    </Filter>
    <Filter Include="ソース ファイル\Base\BaseManager">
      <UniqueIdentifier>{ef9054aa-afc2-4b68-8b2b-943aed8a8bc9}</UniqueIdentifier>
    </Filter>
    <Filter Include="ソース ファイル\manager\sound">
      <UniqueIdentifier>{341d67ca-21c1-418e-9b81-a681b704a6eb}</UniqueIdentifier>
    </Filter>
    <Filter Include="ソース ファイル\subSystem">
      <UniqueIdentifier>{ecf80b3d-c4fe-462c-bda4-7c14e40b8026}</UniqueIdentifier>
    </Filter>
    <Filter Include="ソース ファイル\static\input">
      <UniqueIdentifier>{2d3ddfd7-2f25-4c9a-89cd-db3c1b1aa889}</UniqueIdentifier>
    </Filter>
    <Filter Include="ヘッダー ファイル\JsonGame">
      <UniqueIdentifier>{925fd99b-a8db-4041-a1b9-111051243620}</UniqueIdentifier>
    </Filter>
    <Filter Include="ヘッダー ファイル\JsonTitle">
      <UniqueIdentifier>{21497d60-3de9-4607-aa16-2e4e9b53e57b}</UniqueIdentifier>
    </Filter>
    <Filter Include="ソース ファイル\object\title">
      <UniqueIdentifier>{eafa151f-6c0c-49da-86c7-21684ba99c08}</UniqueIdentifier>
    </Filter>
    <Filter Include="ソース ファイル\object\title\BackGround">
      <UniqueIdentifier>{a1095ea5-ed9a-4e84-a18c-e10cf39144f8}</UniqueIdentifier>
    </Filter>
    <Filter Include="ソース ファイル\manager\coin">
      <UniqueIdentifier>{c758f02e-15db-456a-bfba-6b68200967d1}</UniqueIdentifier>
    </Filter>
    <Filter Include="ソース ファイル\manager\CollisionObjectManager">
      <UniqueIdentifier>{7de00fb0-6208-4a32-afb8-a970b4dd8b91}</UniqueIdentifier>
    </Filter>
    <Filter Include="ソース ファイル\manager\effect">
      <UniqueIdentifier>{5e5cd968-670e-44f1-a594-3cd0abd7bd68}</UniqueIdentifier>
    </Filter>
    <Filter Include="ソース ファイル\manager\layout">
      <UniqueIdentifier>{d5d9db3e-28bd-4cfe-902b-76f058d3efb3}</UniqueIdentifier>
    </Filter>
    <Filter Include="ソース ファイル\manager\player">
      <UniqueIdentifier>{2a33576b-268e-4832-9dee-8902d408c493}</UniqueIdentifier>
    </Filter>
    <Filter Include="ソース ファイル\object\game\skyBox">
      <UniqueIdentifier>{0564d51b-3b2a-45a6-905c-a0ad4e3256b2}</UniqueIdentifier>
    </Filter>
    <Filter Include="ソース ファイル\object\game\collisionObject">
      <UniqueIdentifier>{80e5d24e-986d-4291-ae86-75607b41a3fb}</UniqueIdentifier>
    </Filter>
    <Filter Include="ソース ファイル\object\game\collisionObject\mesh">
      <UniqueIdentifier>{0960e21f-eac8-4067-ad0e-cfc094d6d27c}</UniqueIdentifier>
    </Filter>
    <Filter Include="ソース ファイル\object\game\collisionObject\floor_sky">
      <UniqueIdentifier>{828f1d62-3c20-4137-8228-5f854e5c690e}</UniqueIdentifier>
    </Filter>
    <Filter Include="ソース ファイル\manager\Collision">
      <UniqueIdentifier>{2330dc01-06b8-4627-a8c4-ec50186a5a27}</UniqueIdentifier>
    </Filter>
    <Filter Include="ソース ファイル\object\game\player\state">
      <UniqueIdentifier>{25ee530f-5c21-4ee8-9271-3b0bedbca70d}</UniqueIdentifier>
    </Filter>
    <Filter Include="ソース ファイル\object\game\player\state\Base">
      <UniqueIdentifier>{94073645-165e-4d0d-b42d-68b29060cef2}</UniqueIdentifier>
    </Filter>
    <Filter Include="ソース ファイル\object\game\player\state\jump">
      <UniqueIdentifier>{f027c21f-f61a-4446-8085-ab3822338f95}</UniqueIdentifier>
    </Filter>
    <Filter Include="ソース ファイル\object\game\player\state\run">
      <UniqueIdentifier>{41af47bd-3a60-436b-b164-77d22ae1b093}</UniqueIdentifier>
    </Filter>
    <Filter Include="ソース ファイル\object\game\player\state\idle">
      <UniqueIdentifier>{ae649b4f-c1a5-45cd-87a9-b445c1eae15e}</UniqueIdentifier>
    </Filter>
    <Filter Include="ソース ファイル\object\game\player\state\walk">
      <UniqueIdentifier>{6c61ab9a-ef05-4631-8e89-4b59ea63d1e1}</UniqueIdentifier>
    </Filter>
    <Filter Include="ヘッダー ファイル\JsonResult">
      <UniqueIdentifier>{8ee20bde-fb5d-471f-b7e7-9fb60a21ed31}</UniqueIdentifier>
    </Filter>
    <Filter Include="ソース ファイル\manager\Object">
      <UniqueIdentifier>{733bd2bf-452d-40b4-a80b-71e93c23b571}</UniqueIdentifier>
    </Filter>
    <Filter Include="ソース ファイル\manager\scene">
      <UniqueIdentifier>{6ed27899-6b7f-44a8-b8d7-0648099a58a6}</UniqueIdentifier>
    </Filter>
    <Filter Include="ソース ファイル\cell">
      <UniqueIdentifier>{94ce5b17-2956-4d81-a845-612d7db9a6fb}</UniqueIdentifier>
    </Filter>
    <Filter Include="ソース ファイル\object\game\player\state\victory">
      <UniqueIdentifier>{6f317ff4-7e3c-45ef-99db-c178aa380761}</UniqueIdentifier>
    </Filter>
    <Filter Include="ソース ファイル\object\result\UIButton">
      <UniqueIdentifier>{6de7afc0-0661-4e91-a0ae-8a4532e5c5ef}</UniqueIdentifier>
    </Filter>
    <Filter Include="ソース ファイル\object\game\UI\gameTimer">
      <UniqueIdentifier>{4366f260-6c87-43af-b722-fcca0dfe2fc4}</UniqueIdentifier>
    </Filter>
    <Filter Include="ソース ファイル\static\blackOut">
      <UniqueIdentifier>{339009be-2dcc-4bb8-b021-48b2d122fbf4}</UniqueIdentifier>
    </Filter>
    <Filter Include="ソース ファイル\manager\Liner8TreeManager">
      <UniqueIdentifier>{89701cc4-9c02-4c3e-830a-802cecef408b}</UniqueIdentifier>
    </Filter>
    <Filter Include="ソース ファイル\object\game\player\state\bracedHangToCrouch">
      <UniqueIdentifier>{c70c1186-0912-4049-a392-2034c0bc5f83}</UniqueIdentifier>
    </Filter>
    <Filter Include="ソース ファイル\object\game\player\state\fallingIdle">
      <UniqueIdentifier>{b40c3a77-e359-4e55-9ca2-9795527822ca}</UniqueIdentifier>
    </Filter>
    <Filter Include="ソース ファイル\object\game\player\state\hangingIdle">
      <UniqueIdentifier>{da44a1cc-a0e2-47f0-b13e-bed6339938ff}</UniqueIdentifier>
    </Filter>
    <Filter Include="ソース ファイル\object\game\player\state\runToStop">
      <UniqueIdentifier>{ad1bbf69-df63-42d0-af47-aa4948d1fdff}</UniqueIdentifier>
    </Filter>
    <Filter Include="ソース ファイル\object\game\player\state\roll">
      <UniqueIdentifier>{86aa8a87-aaa1-45df-9575-21d005c28125}</UniqueIdentifier>
    </Filter>
  </ItemGroup>
  <ItemGroup>
    <ClCompile Include="Camera.cpp">
      <Filter>ソース ファイル\object\game\camera</Filter>
    </ClCompile>
    <ClCompile Include="Input.cpp">
      <Filter>ソース ファイル\static\input</Filter>
    </ClCompile>
    <ClCompile Include="SkyBox.cpp">
      <Filter>ソース ファイル\object\game\skyBox</Filter>
    </ClCompile>
    <ClCompile Include="PlayerStateBase.cpp">
      <Filter>ソース ファイル\object\game\player\state\Base</Filter>
    </ClCompile>
    <ClCompile Include="Field.cpp">
      <Filter>ソース ファイル\object\game\field</Filter>
    </ClCompile>
    <ClCompile Include="CollisionManager.cpp">
      <Filter>ソース ファイル\manager\Collision</Filter>
    </ClCompile>
    <ClCompile Include="Coin.cpp">
      <Filter>ソース ファイル\object\game\coin</Filter>
    </ClCompile>
    <ClCompile Include="PlayerManager.cpp">
      <Filter>ソース ファイル\manager\player</Filter>
    </ClCompile>
    <ClCompile Include="SceneManager.cpp">
      <Filter>ソース ファイル\manager\scene</Filter>
    </ClCompile>
    <ClCompile Include="FieldMesh.cpp">
      <Filter>ソース ファイル\object\game\collisionObject\mesh</Filter>
    </ClCompile>
    <ClCompile Include="Calculation.cpp">
      <Filter>ソース ファイル\static\Calculation</Filter>
    </ClCompile>
    <ClCompile Include="CoinManager.cpp">
      <Filter>ソース ファイル\manager\coin</Filter>
    </ClCompile>
    <ClCompile Include="PadInput.cpp">
      <Filter>ソース ファイル\static\Pad</Filter>
    </ClCompile>
    <ClCompile Include="PlayerCalculation.cpp">
      <Filter>ソース ファイル\object\game\player\moveCalclation</Filter>
    </ClCompile>
    <ClCompile Include="FallingIdle.cpp">
      <Filter>ソース ファイル\object\game\player\state\fallingIdle</Filter>
    </ClCompile>
    <ClCompile Include="HangingIdle.cpp">
      <Filter>ソース ファイル\object\game\player\state\hangingIdle</Filter>
    </ClCompile>
    <ClCompile Include="Idle.cpp">
      <Filter>ソース ファイル\object\game\player\state\idle</Filter>
    </ClCompile>
    <ClCompile Include="Jump.cpp">
      <Filter>ソース ファイル\object\game\player\state\jump</Filter>
    </ClCompile>
    <ClCompile Include="QuickRoll.cpp">
      <Filter>ソース ファイル\object\game\player\state\roll</Filter>
    </ClCompile>
    <ClCompile Include="Run.cpp">
      <Filter>ソース ファイル\object\game\player\state\run</Filter>
    </ClCompile>
    <ClCompile Include="RunToStop.cpp">
      <Filter>ソース ファイル\object\game\player\state\runToStop</Filter>
    </ClCompile>
    <ClCompile Include="BracedHangToCrouch.cpp">
      <Filter>ソース ファイル\object\game\player\state\bracedHangToCrouch</Filter>
    </ClCompile>
    <ClCompile Include="Layout.cpp">
      <Filter>ソース ファイル\manager\layout</Filter>
    </ClCompile>
    <ClCompile Include="BaseChara.cpp">
      <Filter>ソース ファイル\Base\BaseChara</Filter>
    </ClCompile>
    <ClCompile Include="BaseManager.cpp">
      <Filter>ソース ファイル\Base\BaseManager</Filter>
    </ClCompile>
    <ClCompile Include="BaseObject.cpp">
      <Filter>ソース ファイル\Base\BaseObject</Filter>
    </ClCompile>
    <ClCompile Include="BaseScene.cpp">
      <Filter>ソース ファイル\Base\BaseScene</Filter>
    </ClCompile>
    <ClCompile Include="JsonManager.cpp">
      <Filter>ソース ファイル\static\json</Filter>
    </ClCompile>
    <ClCompile Include="BaseGameObjectManager.cpp">
      <Filter>ソース ファイル\Base\ObjectManger</Filter>
    </ClCompile>
    <ClCompile Include="Floor_sky.cpp">
      <Filter>ソース ファイル\object\game\collisionObject\floor_sky</Filter>
    </ClCompile>
    <ClCompile Include="AnimationChanger.cpp">
      <Filter>ソース ファイル\object\game\player\animationChanger</Filter>
    </ClCompile>
    <ClCompile Include="Shadow.cpp">
      <Filter>ソース ファイル\object\game\shadow</Filter>
    </ClCompile>
    <ClCompile Include="DebugDrawer.cpp">
      <Filter>ソース ファイル\static\Debug</Filter>
    </ClCompile>
    <ClCompile Include="Game.cpp">
      <Filter>ソース ファイル\scene\game</Filter>
    </ClCompile>
    <ClCompile Include="Title.cpp">
      <Filter>ソース ファイル\scene\title</Filter>
    </ClCompile>
    <ClCompile Include="HitCheck.cpp">
      <Filter>ソース ファイル\static\hitCheck</Filter>
    </ClCompile>
    <ClCompile Include="Result.cpp">
      <Filter>ソース ファイル\scene\result</Filter>
    </ClCompile>
    <ClCompile Include="BlackOut.cpp">
      <Filter>ソース ファイル\static\blackOut</Filter>
    </ClCompile>
    <ClCompile Include="GameTimer.cpp">
      <Filter>ソース ファイル\object\game\UI\gameTimer</Filter>
    </ClCompile>
    <ClCompile Include="EffectManager.cpp">
      <Filter>ソース ファイル\manager\effect</Filter>
    </ClCompile>
    <ClCompile Include="BaseUI.cpp">
      <Filter>ソース ファイル\Base\UI</Filter>
    </ClCompile>
    <ClCompile Include="CoinUi.cpp">
      <Filter>ソース ファイル\object\game\UI\coin</Filter>
    </ClCompile>
    <ClCompile Include="UIManager.cpp">
      <Filter>ソース ファイル\manager\UI</Filter>
    </ClCompile>
    <ClCompile Include="UI_controlManual.cpp">
      <Filter>ソース ファイル\object\game\UI\UI_controlManual</Filter>
    </ClCompile>
    <ClCompile Include="Walk.cpp">
      <Filter>ソース ファイル\object\game\player\state\walk</Filter>
    </ClCompile>
    <ClCompile Include="Tutorial.cpp">
      <Filter>ソース ファイル\object\game\tutorial</Filter>
    </ClCompile>
    <ClCompile Include="FinishCut.cpp">
      <Filter>ソース ファイル\object\game\finishCut</Filter>
    </ClCompile>
    <ClCompile Include="Rank.cpp">
      <Filter>ソース ファイル\object\result\rank</Filter>
    </ClCompile>
    <ClCompile Include="SoundPlayer.cpp">
      <Filter>ソース ファイル\manager\sound</Filter>
    </ClCompile>
    <ClCompile Include="Player.cpp">
      <Filter>ソース ファイル\object\game\player</Filter>
    </ClCompile>
    <ClCompile Include="GameInstanceSubSystem.cpp">
      <Filter>ソース ファイル\subSystem</Filter>
    </ClCompile>
    <ClCompile Include="WorldSubSystem.cpp">
      <Filter>ソース ファイル\subSystem</Filter>
    </ClCompile>
    <ClCompile Include="CollisionObjectManager.cpp">
      <Filter>ソース ファイル\manager\CollisionObjectManager</Filter>
    </ClCompile>
    <ClCompile Include="BackGround.cpp">
      <Filter>ソース ファイル\object\title\BackGround</Filter>
    </ClCompile>
    <ClCompile Include="Cell.cpp">
      <Filter>ソース ファイル\cell</Filter>
    </ClCompile>
    <ClCompile Include="Liner8TreeManager.cpp">
      <Filter>ソース ファイル\manager\Liner8TreeManager</Filter>
    </ClCompile>
    <ClCompile Include="Victory.cpp">
      <Filter>ソース ファイル\object\game\player\state\victory</Filter>
    </ClCompile>
    <ClCompile Include="UIButton.cpp">
      <Filter>ソース ファイル\object\result\UIButton</Filter>
    </ClCompile>
    <ClCompile Include="ObjectManager.cpp">
      <Filter>ソース ファイル\manager\Object</Filter>
    </ClCompile>
    <ClCompile Include="main.cpp">
      <Filter>ソース ファイル</Filter>
    </ClCompile>
  </ItemGroup>
  <ItemGroup>
    <ClInclude Include="Camera.h">
      <Filter>ソース ファイル\object\game\camera</Filter>
    </ClInclude>
    <ClInclude Include="Input.h">
      <Filter>ソース ファイル\static\input</Filter>
    </ClInclude>
    <ClInclude Include="Player.h">
      <Filter>ソース ファイル\object\game\player</Filter>
    </ClInclude>
    <ClInclude Include="SkyBox.h">
      <Filter>ソース ファイル\object\game\skyBox</Filter>
    </ClInclude>
    <ClInclude Include="PlayerStateBase.h">
      <Filter>ソース ファイル\object\game\player\state\Base</Filter>
    </ClInclude>
    <ClInclude Include="playerState.h">
      <Filter>ヘッダー ファイル</Filter>
    </ClInclude>
    <ClInclude Include="Field.h">
      <Filter>ソース ファイル\object\game\field</Filter>
    </ClInclude>
    <ClInclude Include="Coin.h">
      <Filter>ソース ファイル\object\game\coin</Filter>
    </ClInclude>
    <ClInclude Include="PlayerManager.h">
      <Filter>ソース ファイル\manager\player</Filter>
    </ClInclude>
    <ClInclude Include="SceneManager.h">
      <Filter>ソース ファイル\manager\scene</Filter>
    </ClInclude>
    <ClInclude Include="FieldMesh.h">
      <Filter>ソース ファイル\object\game\collisionObject\mesh</Filter>
    </ClInclude>
    <ClInclude Include="AnimTime.h">
      <Filter>ヘッダー ファイル</Filter>
    </ClInclude>
    <ClInclude Include="Calculation.h">
      <Filter>ソース ファイル\static\Calculation</Filter>
    </ClInclude>
    <ClInclude Include="CoinManager.h">
      <Filter>ソース ファイル\manager\coin</Filter>
    </ClInclude>
    <ClInclude Include="PadInput.h">
      <Filter>ソース ファイル\static\Pad</Filter>
    </ClInclude>
    <ClInclude Include="common.h">
      <Filter>ヘッダー ファイル</Filter>
    </ClInclude>
    <ClInclude Include="objects.h">
      <Filter>ヘッダー ファイル</Filter>
    </ClInclude>
    <ClInclude Include="PlayerCalculation.h">
      <Filter>ソース ファイル\object\game\player\moveCalclation</Filter>
    </ClInclude>
    <ClInclude Include="FallingIdle.h">
      <Filter>ソース ファイル\object\game\player\state\fallingIdle</Filter>
    </ClInclude>
    <ClInclude Include="HangingIdle.h">
      <Filter>ソース ファイル\object\game\player\state\hangingIdle</Filter>
    </ClInclude>
    <ClInclude Include="Idle.h">
      <Filter>ソース ファイル\object\game\player\state\idle</Filter>
    </ClInclude>
    <ClInclude Include="Jump.h">
      <Filter>ソース ファイル\object\game\player\state\jump</Filter>
    </ClInclude>
    <ClInclude Include="QuickRoll.h">
      <Filter>ソース ファイル\object\game\player\state\roll</Filter>
    </ClInclude>
    <ClInclude Include="Run.h">
      <Filter>ソース ファイル\object\game\player\state\run</Filter>
    </ClInclude>
    <ClInclude Include="RunToStop.h">
      <Filter>ソース ファイル\object\game\player\state\runToStop</Filter>
    </ClInclude>
    <ClInclude Include="BracedHangToCrouch.h">
      <Filter>ソース ファイル\object\game\player\state\bracedHangToCrouch</Filter>
    </ClInclude>
    <ClInclude Include="Layout.h">
      <Filter>ソース ファイル\manager\layout</Filter>
    </ClInclude>
    <ClInclude Include="BaseChara.h">
      <Filter>ソース ファイル\Base\BaseChara</Filter>
    </ClInclude>
    <ClInclude Include="BaseManager.h">
      <Filter>ソース ファイル\Base\BaseManager</Filter>
    </ClInclude>
    <ClInclude Include="BaseObject.h">
      <Filter>ソース ファイル\Base\BaseObject</Filter>
    </ClInclude>
    <ClInclude Include="BaseScene.h">
      <Filter>ソース ファイル\Base\BaseScene</Filter>
    </ClInclude>
    <ClInclude Include="JsonManager.h">
      <Filter>ソース ファイル\static\json</Filter>
    </ClInclude>
    <ClInclude Include="BaseGameObjectManager.h">
      <Filter>ソース ファイル\Base\ObjectManger</Filter>
    </ClInclude>
    <ClInclude Include="Floor_sky.h">
      <Filter>ソース ファイル\object\game\collisionObject\floor_sky</Filter>
    </ClInclude>
    <ClInclude Include="AnimationChanger.h">
      <Filter>ソース ファイル\object\game\player\animationChanger</Filter>
    </ClInclude>
    <ClInclude Include="PlayerData.h">
      <Filter>ヘッダー ファイル</Filter>
    </ClInclude>
    <ClInclude Include="CollisionData.h">
      <Filter>ヘッダー ファイル</Filter>
    </ClInclude>
    <ClInclude Include="Shadow.h">
      <Filter>ソース ファイル\object\game\shadow</Filter>
    </ClInclude>
    <ClInclude Include="DebugDrawer.h">
      <Filter>ソース ファイル\static\Debug</Filter>
    </ClInclude>
    <ClInclude Include="CoinObserver.h">
      <Filter>ソース ファイル\Observer\coin</Filter>
    </ClInclude>
    <ClInclude Include="Game.h">
      <Filter>ソース ファイル\scene\game</Filter>
    </ClInclude>
    <ClInclude Include="Title.h">
      <Filter>ソース ファイル\scene\title</Filter>
    </ClInclude>
    <ClInclude Include="HitCheck.h">
      <Filter>ソース ファイル\static\hitCheck</Filter>
    </ClInclude>
    <ClInclude Include="Result.h">
      <Filter>ソース ファイル\scene\result</Filter>
    </ClInclude>
    <ClInclude Include="BlackOut.h">
      <Filter>ソース ファイル\static\blackOut</Filter>
    </ClInclude>
    <ClInclude Include="GameTimer.h">
      <Filter>ソース ファイル\object\game\UI\gameTimer</Filter>
    </ClInclude>
    <ClInclude Include="EffectManager.h">
      <Filter>ソース ファイル\manager\effect</Filter>
    </ClInclude>
    <ClInclude Include="EffectData.h">
      <Filter>ヘッダー ファイル</Filter>
    </ClInclude>
    <ClInclude Include="IObject.h">
      <Filter>ソース ファイル\Interface</Filter>
    </ClInclude>
    <ClInclude Include="BaseUI.h">
      <Filter>ソース ファイル\Base\UI</Filter>
    </ClInclude>
    <ClInclude Include="CoinUi.h">
      <Filter>ソース ファイル\object\game\UI\coin</Filter>
    </ClInclude>
    <ClInclude Include="UIManager.h">
      <Filter>ソース ファイル\manager\UI</Filter>
    </ClInclude>
    <ClInclude Include="UI_controlManual.h">
      <Filter>ソース ファイル\object\game\UI\UI_controlManual</Filter>
    </ClInclude>
    <ClInclude Include="PlayerStateObserver.h">
      <Filter>ソース ファイル\Observer\playerState</Filter>
    </ClInclude>
    <ClInclude Include="CollisionManager.h">
      <Filter>ソース ファイル\manager\Collision</Filter>
    </ClInclude>
    <ClInclude Include="Walk.h">
      <Filter>ソース ファイル\object\game\player\state\walk</Filter>
    </ClInclude>
    <ClInclude Include="Tutorial.h">
      <Filter>ソース ファイル\object\game\tutorial</Filter>
    </ClInclude>
    <ClInclude Include="FinishCut.h">
      <Filter>ソース ファイル\object\game\finishCut</Filter>
    </ClInclude>
    <ClInclude Include="Rank.h">
      <Filter>ソース ファイル\object\result\rank</Filter>
    </ClInclude>
    <ClInclude Include="Result_object.h">
      <Filter>ヘッダー ファイル</Filter>
    </ClInclude>
    <ClInclude Include="SoundPlayer.h">
      <Filter>ソース ファイル\manager\sound</Filter>
    </ClInclude>
    <ClInclude Include="IWorldSubSystem.h">
      <Filter>ソース ファイル\Interface</Filter>
    </ClInclude>
    <ClInclude Include="GameInstanceSubSystem.h">
      <Filter>ソース ファイル\subSystem</Filter>
    </ClInclude>
    <ClInclude Include="WorldSubSystem.h">
      <Filter>ソース ファイル\subSystem</Filter>
    </ClInclude>
    <ClInclude Include="CollisionObjectManager.h">
      <Filter>ソース ファイル\manager\CollisionObjectManager</Filter>
    </ClInclude>
    <ClInclude Include="BackGround.h">
      <Filter>ソース ファイル\object\title\BackGround</Filter>
    </ClInclude>
    <ClInclude Include="ObjectManager.h">
      <Filter>ソース ファイル\manager\Object</Filter>
    </ClInclude>
    <ClInclude Include="ObjectForTree.hpp">
      <Filter>ヘッダー ファイル</Filter>
    </ClInclude>
    <ClInclude Include="Cell.hpp">
      <Filter>ソース ファイル\cell</Filter>
    </ClInclude>
    <ClInclude Include="Liner8TreeManager.hpp">
      <Filter>ソース ファイル\manager\Liner8TreeManager</Filter>
    </ClInclude>
    <ClInclude Include="boundaryRange.h">
      <Filter>ヘッダー ファイル</Filter>
    </ClInclude>
    <ClInclude Include="Victory.h">
      <Filter>ソース ファイル\object\game\player\state\victory</Filter>
    </ClInclude>
    <ClInclude Include="UIButton.h">
      <Filter>ソース ファイル\object\result\UIButton</Filter>
    </ClInclude>
  </ItemGroup>
  <ItemGroup>
    <None Include="JsonGame\coin.Json">
      <Filter>ヘッダー ファイル\JsonGame</Filter>
    </None>
    <None Include="JsonGame\effectData.Json">
      <Filter>ヘッダー ファイル\JsonGame</Filter>
    </None>
    <None Include="JsonGame\field.Json">
      <Filter>ヘッダー ファイル\JsonGame</Filter>
    </None>
    <None Include="JsonGame\floor_sky.Json">
      <Filter>ヘッダー ファイル\JsonGame</Filter>
    </None>
    <None Include="JsonGame\object.Json">
      <Filter>ヘッダー ファイル\JsonGame</Filter>
    </None>
    <None Include="JsonGame\player.Json">
      <Filter>ヘッダー ファイル\JsonGame</Filter>
    </None>
    <None Include="JsonGame\png.Json">
      <Filter>ヘッダー ファイル\JsonGame</Filter>
    </None>
    <None Include="JsonGame\sound.Json">
      <Filter>ヘッダー ファイル\JsonGame</Filter>
    </None>
    <None Include="JsonGame\tutorial.Json">
      <Filter>ヘッダー ファイル\JsonGame</Filter>
    </None>
    <None Include="JsonTitle\sound.Json">
      <Filter>ヘッダー ファイル\JsonTitle</Filter>
    </None>
    <None Include="JsonTitle\png.Json">
      <Filter>ヘッダー ファイル\JsonTitle</Filter>
    </None>
    <None Include="JsonResult\coin.Json">
      <Filter>ヘッダー ファイル\JsonResult</Filter>
    </None>
    <None Include="JsonResult\field.Json">
      <Filter>ヘッダー ファイル\JsonResult</Filter>
    </None>
    <None Include="JsonResult\object.Json">
      <Filter>ヘッダー ファイル\JsonResult</Filter>
    </None>
    <None Include="JsonResult\player.Json">
      <Filter>ヘッダー ファイル\JsonResult</Filter>
    </None>
    <None Include="JsonResult\sound.Json">
      <Filter>ヘッダー ファイル\JsonResult</Filter>
    </None>
    <None Include="JsonResult\png.Json">
      <Filter>ヘッダー ファイル\JsonResult</Filter>
    </None>
  </ItemGroup>
</Project>