<?xml version="1.0" encoding="utf-8"?>
<Project ToolsVersion="4.0" xmlns="http://schemas.microsoft.com/developer/msbuild/2003">
  <ItemGroup>
    <Filter Include="ソース ファイル">
      <UniqueIdentifier>{4FC737F1-C7A5-4376-A066-2A32D752A2FF}</UniqueIdentifier>
      <Extensions>cpp;c;cc;cxx;c++;cppm;ixx;def;odl;idl;hpj;bat;asm;asmx</Extensions>
    </Filter>
    <Filter Include="リソース ファイル">
      <UniqueIdentifier>{67DA6AB6-F800-4c08-8B7A-83BB121AAD01}</UniqueIdentifier>
      <Extensions>rc;ico;cur;bmp;dlg;rc2;rct;bin;rgs;gif;jpg;jpeg;jpe;resx;tiff;tif;png;wav;mfcribbon-ms</Extensions>
    </Filter>
    <Filter Include="ソース ファイル\Base">
      <UniqueIdentifier>{e6d7322f-8b86-418c-9e4a-56bebf97fe86}</UniqueIdentifier>
    </Filter>
    <Filter Include="ソース ファイル\manager">
      <UniqueIdentifier>{c3d54e97-a0bd-410e-83c8-25079eaae248}</UniqueIdentifier>
    </Filter>
    <Filter Include="ヘッダー ファイル">
      <UniqueIdentifier>{93995380-89BD-4b04-88EB-625FBE52EBFB}</UniqueIdentifier>
      <Extensions>h;hh;hpp;hxx;h++;hm;inl;inc;ipp;xsd</Extensions>
    </Filter>
    <Filter Include="ソース ファイル\Collision">
      <UniqueIdentifier>{2330dc01-06b8-4627-a8c4-ec50186a5a27}</UniqueIdentifier>
    </Filter>
    <Filter Include="ソース ファイル\manager\scene">
      <UniqueIdentifier>{6ed27899-6b7f-44a8-b8d7-0648099a58a6}</UniqueIdentifier>
    </Filter>
    <Filter Include="ソース ファイル\manager\coin">
      <UniqueIdentifier>{c758f02e-15db-456a-bfba-6b68200967d1}</UniqueIdentifier>
    </Filter>
    <Filter Include="ソース ファイル\manager\object">
      <UniqueIdentifier>{733bd2bf-452d-40b4-a80b-71e93c23b571}</UniqueIdentifier>
    </Filter>
    <Filter Include="ソース ファイル\manager\player">
      <UniqueIdentifier>{2a33576b-268e-4832-9dee-8902d408c493}</UniqueIdentifier>
    </Filter>
    <Filter Include="ソース ファイル\layout">
      <UniqueIdentifier>{d5d9db3e-28bd-4cfe-902b-76f058d3efb3}</UniqueIdentifier>
    </Filter>
    <Filter Include="ソース ファイル\Base\BaseChara">
      <UniqueIdentifier>{664a45f2-e5e7-4051-97ee-a2ea2a076b72}</UniqueIdentifier>
    </Filter>
    <Filter Include="ソース ファイル\Base\BaseManager">
      <UniqueIdentifier>{ef9054aa-afc2-4b68-8b2b-943aed8a8bc9}</UniqueIdentifier>
    </Filter>
    <Filter Include="ソース ファイル\Base\BaseObject">
      <UniqueIdentifier>{5ac518b0-1420-4c76-901c-f90170dca77b}</UniqueIdentifier>
    </Filter>
    <Filter Include="ソース ファイル\Base\BaseScene">
      <UniqueIdentifier>{378eeac6-818c-493c-b8c7-d8a11c305dc3}</UniqueIdentifier>
    </Filter>
    <Filter Include="ソース ファイル\manager\json">
      <UniqueIdentifier>{c2fdffe0-4070-4057-9cf7-b8f503264f1b}</UniqueIdentifier>
    </Filter>
    <Filter Include="ソース ファイル\scene">
      <UniqueIdentifier>{807cd1ef-3b24-4a77-a629-7dad3c8a1009}</UniqueIdentifier>
    </Filter>
    <Filter Include="ソース ファイル\Interface">
      <UniqueIdentifier>{afce07c3-8b4b-4627-8ebd-9c137f3559d0}</UniqueIdentifier>
    </Filter>
    <Filter Include="ソース ファイル\Base\ObjectManger">
      <UniqueIdentifier>{3c9af978-4dce-4a6a-a3a2-4ce57e88ddaa}</UniqueIdentifier>
    </Filter>
    <Filter Include="ソース ファイル\map">
      <UniqueIdentifier>{0564d51b-3b2a-45a6-905c-a0ad4e3256b2}</UniqueIdentifier>
    </Filter>
    <Filter Include="ヘッダー ファイル\Json">
      <UniqueIdentifier>{925fd99b-a8db-4041-a1b9-111051243620}</UniqueIdentifier>
    </Filter>
    <Filter Include="ソース ファイル\Observer">
      <UniqueIdentifier>{459a351b-37b9-47ad-bac3-326a179a787f}</UniqueIdentifier>
    </Filter>
    <Filter Include="ソース ファイル\Observer\coin">
      <UniqueIdentifier>{e2711408-00da-4bab-8418-b491d612c8f1}</UniqueIdentifier>
    </Filter>
    <Filter Include="ソース ファイル\scene\game">
      <UniqueIdentifier>{9eccd043-a013-4e79-b8f8-cfb630ddb564}</UniqueIdentifier>
    </Filter>
    <Filter Include="ソース ファイル\scene\title">
      <UniqueIdentifier>{255ab7dd-7a36-464c-8fbb-98ea412fa487}</UniqueIdentifier>
    </Filter>
    <Filter Include="ソース ファイル\object">
      <UniqueIdentifier>{f5620648-641a-4b56-a6a1-0e7ee83e33d2}</UniqueIdentifier>
    </Filter>
    <Filter Include="ソース ファイル\object\player">
      <UniqueIdentifier>{177446bf-eb68-46e6-99cd-5c968117d403}</UniqueIdentifier>
    </Filter>
    <Filter Include="ソース ファイル\object\player\animation">
      <UniqueIdentifier>{25ee530f-5c21-4ee8-9271-3b0bedbca70d}</UniqueIdentifier>
    </Filter>
    <Filter Include="ソース ファイル\object\player\animation\Base">
      <UniqueIdentifier>{94073645-165e-4d0d-b42d-68b29060cef2}</UniqueIdentifier>
    </Filter>
    <Filter Include="ソース ファイル\object\player\animation\falling_Idle">
      <UniqueIdentifier>{b40c3a77-e359-4e55-9ca2-9795527822ca}</UniqueIdentifier>
    </Filter>
    <Filter Include="ソース ファイル\object\player\animation\idle_to_sprint">
      <UniqueIdentifier>{ef170e75-9be3-4c0d-babc-fc0764ed8cbc}</UniqueIdentifier>
    </Filter>
    <Filter Include="ソース ファイル\object\player\animation\jump">
      <UniqueIdentifier>{f027c21f-f61a-4446-8085-ab3822338f95}</UniqueIdentifier>
    </Filter>
    <Filter Include="ソース ファイル\object\player\animation\run">
      <UniqueIdentifier>{41af47bd-3a60-436b-b164-77d22ae1b093}</UniqueIdentifier>
    </Filter>
    <Filter Include="ソース ファイル\object\player\animation\run_to_stop">
      <UniqueIdentifier>{ad1bbf69-df63-42d0-af47-aa4948d1fdff}</UniqueIdentifier>
    </Filter>
    <Filter Include="ソース ファイル\object\player\animation\braced_Hang_To_Crouch">
      <UniqueIdentifier>{c70c1186-0912-4049-a392-2034c0bc5f83}</UniqueIdentifier>
    </Filter>
    <Filter Include="ソース ファイル\object\player\animation\hanging_Idle">
      <UniqueIdentifier>{da44a1cc-a0e2-47f0-b13e-bed6339938ff}</UniqueIdentifier>
    </Filter>
    <Filter Include="ソース ファイル\object\player\animation\idle">
      <UniqueIdentifier>{ae649b4f-c1a5-45cd-87a9-b445c1eae15e}</UniqueIdentifier>
    </Filter>
    <Filter Include="ソース ファイル\object\player\animation\quick_roll">
      <UniqueIdentifier>{86aa8a87-aaa1-45df-9575-21d005c28125}</UniqueIdentifier>
    </Filter>
    <Filter Include="ソース ファイル\object\player\animationChanger">
      <UniqueIdentifier>{abdff138-57d9-4360-b150-7469ae254d34}</UniqueIdentifier>
    </Filter>
    <Filter Include="ソース ファイル\object\player\moveCalclation">
      <UniqueIdentifier>{f9dc51d6-1cdb-4363-bbf5-2cf3ddbf8b9d}</UniqueIdentifier>
    </Filter>
    <Filter Include="ソース ファイル\object\coin">
      <UniqueIdentifier>{ee632bc8-260c-4376-bdbe-b6979949e267}</UniqueIdentifier>
    </Filter>
    <Filter Include="ソース ファイル\object\camera">
      <UniqueIdentifier>{cc117ea6-a7a3-4076-be42-23ed644f3ca4}</UniqueIdentifier>
    </Filter>
    <Filter Include="ソース ファイル\static">
      <UniqueIdentifier>{4f17fc1a-f8a2-447c-87ed-88689d1bdfd5}</UniqueIdentifier>
    </Filter>
    <Filter Include="ソース ファイル\static\Calculation">
      <UniqueIdentifier>{cf99dbc9-50f2-4910-97b1-cd46a3c5e262}</UniqueIdentifier>
    </Filter>
    <Filter Include="ソース ファイル\static\hitCheck">
      <UniqueIdentifier>{747415d6-9e60-46ba-8625-edba46362216}</UniqueIdentifier>
    </Filter>
    <Filter Include="ソース ファイル\static\Debug">
      <UniqueIdentifier>{60b018f4-5600-4481-a5d7-0e2b4316e13a}</UniqueIdentifier>
    </Filter>
    <Filter Include="ソース ファイル\object\shadow">
      <UniqueIdentifier>{fc540499-a255-488c-9209-0f2b29b3851c}</UniqueIdentifier>
    </Filter>
    <Filter Include="ソース ファイル\static\Pad">
      <UniqueIdentifier>{d2f54360-56d9-43c7-a511-49726d43ccd9}</UniqueIdentifier>
    </Filter>
    <Filter Include="ソース ファイル\static\input">
      <UniqueIdentifier>{2d3ddfd7-2f25-4c9a-89cd-db3c1b1aa889}</UniqueIdentifier>
    </Filter>
    <Filter Include="ソース ファイル\object\UI">
      <UniqueIdentifier>{c948dba5-aa4d-4d17-aee9-30e4bf5bc655}</UniqueIdentifier>
    </Filter>
    <Filter Include="ソース ファイル\object\field">
      <UniqueIdentifier>{64988ae3-2089-4141-9140-37e45360d8db}</UniqueIdentifier>
    </Filter>
    <Filter Include="ソース ファイル\object\goalArea">
      <UniqueIdentifier>{6e771206-8e53-4239-8d25-f080ab3d7487}</UniqueIdentifier>
    </Filter>
    <Filter Include="ソース ファイル\scene\result">
      <UniqueIdentifier>{c1f0c082-192f-467c-81eb-b67f7ef24bda}</UniqueIdentifier>
    </Filter>
    <Filter Include="ソース ファイル\scene\blackOut">
      <UniqueIdentifier>{339009be-2dcc-4bb8-b021-48b2d122fbf4}</UniqueIdentifier>
    </Filter>
    <Filter Include="ソース ファイル\collisionObject">
      <UniqueIdentifier>{80e5d24e-986d-4291-ae86-75607b41a3fb}</UniqueIdentifier>
    </Filter>
    <Filter Include="ソース ファイル\collisionObject\mesh">
      <UniqueIdentifier>{0960e21f-eac8-4067-ad0e-cfc094d6d27c}</UniqueIdentifier>
    </Filter>
    <Filter Include="ソース ファイル\collisionObject\floor_sky">
      <UniqueIdentifier>{828f1d62-3c20-4137-8228-5f854e5c690e}</UniqueIdentifier>
    </Filter>
    <Filter Include="ソース ファイル\collisionObject\wall">
      <UniqueIdentifier>{64a5a458-0152-4384-824c-1d742086213b}</UniqueIdentifier>
    </Filter>
    <Filter Include="ソース ファイル\effect">
      <UniqueIdentifier>{5c9b5de7-c69a-46b4-bfca-5fd6e341c0d4}</UniqueIdentifier>
    </Filter>
    <Filter Include="ソース ファイル\object\gameTimer">
      <UniqueIdentifier>{4366f260-6c87-43af-b722-fcca0dfe2fc4}</UniqueIdentifier>
    </Filter>
  </ItemGroup>
  <ItemGroup>
    <ClCompile Include="main.cpp">
      <Filter>ソース ファイル</Filter>
    </ClCompile>
    <ClCompile Include="Camera.cpp">
      <Filter>ソース ファイル\object\camera</Filter>
    </ClCompile>
    <ClCompile Include="Input.cpp">
      <Filter>ソース ファイル\static\input</Filter>
    </ClCompile>
    <ClCompile Include="Map.cpp">
      <Filter>ソース ファイル\map</Filter>
    </ClCompile>
    <ClCompile Include="PlayerStateActionBase.cpp">
      <Filter>ソース ファイル\object\player\animation\Base</Filter>
    </ClCompile>
    <ClCompile Include="Field.cpp">
      <Filter>ソース ファイル\object\field</Filter>
    </ClCompile>
    <ClCompile Include="CollisionManager.cpp">
      <Filter>ソース ファイル\Collision</Filter>
    </ClCompile>
    <ClCompile Include="CoinObject.cpp">
      <Filter>ソース ファイル\object\coin</Filter>
    </ClCompile>
    <ClCompile Include="GameObjectManager.cpp">
      <Filter>ソース ファイル\manager\object</Filter>
    </ClCompile>
    <ClCompile Include="PlayerManager.cpp">
      <Filter>ソース ファイル\manager\player</Filter>
    </ClCompile>
    <ClCompile Include="SceneManager.cpp">
      <Filter>ソース ファイル\manager\scene</Filter>
    </ClCompile>
    <ClCompile Include="FieldMesh.cpp">
      <Filter>ソース ファイル\collisionObject\mesh</Filter>
    </ClCompile>
    <ClCompile Include="Calculation.cpp">
      <Filter>ソース ファイル\static\Calculation</Filter>
    </ClCompile>
    <ClCompile Include="CoinManager.cpp">
      <Filter>ソース ファイル\manager\coin</Filter>
    </ClCompile>
    <ClCompile Include="PadInput.cpp">
      <Filter>ソース ファイル\static\Pad</Filter>
    </ClCompile>
    <ClCompile Include="PlayerCalculation.cpp">
      <Filter>ソース ファイル\object\player\moveCalclation</Filter>
    </ClCompile>
    <ClCompile Include="Falling_Idle.cpp">
      <Filter>ソース ファイル\object\player\animation\falling_Idle</Filter>
    </ClCompile>
    <ClCompile Include="Hanging_Idle.cpp">
      <Filter>ソース ファイル\object\player\animation\hanging_Idle</Filter>
    </ClCompile>
    <ClCompile Include="Idle.cpp">
      <Filter>ソース ファイル\object\player\animation\idle</Filter>
    </ClCompile>
    <ClCompile Include="Idle_To_Sprint.cpp">
      <Filter>ソース ファイル\object\player\animation\idle_to_sprint</Filter>
    </ClCompile>
    <ClCompile Include="Jump.cpp">
      <Filter>ソース ファイル\object\player\animation\jump</Filter>
    </ClCompile>
    <ClCompile Include="Quick_Roll.cpp">
      <Filter>ソース ファイル\object\player\animation\quick_roll</Filter>
    </ClCompile>
    <ClCompile Include="Run.cpp">
      <Filter>ソース ファイル\object\player\animation\run</Filter>
    </ClCompile>
    <ClCompile Include="Run_To_Stop.cpp">
      <Filter>ソース ファイル\object\player\animation\run_to_stop</Filter>
    </ClCompile>
    <ClCompile Include="Braced_Hang_To_Crouch.cpp">
      <Filter>ソース ファイル\object\player\animation\braced_Hang_To_Crouch</Filter>
    </ClCompile>
    <ClCompile Include="Layout.cpp">
      <Filter>ソース ファイル\layout</Filter>
    </ClCompile>
    <ClCompile Include="BaseChara.cpp">
      <Filter>ソース ファイル\Base\BaseChara</Filter>
    </ClCompile>
    <ClCompile Include="BaseManager.cpp">
      <Filter>ソース ファイル\Base\BaseManager</Filter>
    </ClCompile>
    <ClCompile Include="BaseObject.cpp">
      <Filter>ソース ファイル\Base\BaseObject</Filter>
    </ClCompile>
    <ClCompile Include="BaseScene.cpp">
      <Filter>ソース ファイル\Base\BaseScene</Filter>
    </ClCompile>
    <ClCompile Include="JsonManager.cpp">
      <Filter>ソース ファイル\manager\json</Filter>
    </ClCompile>
    <ClCompile Include="BaseGameObjectManager.cpp">
      <Filter>ソース ファイル\Base\ObjectManger</Filter>
    </ClCompile>
    <ClCompile Include="Floor_sky.cpp">
      <Filter>ソース ファイル\collisionObject\floor_sky</Filter>
    </ClCompile>
    <ClCompile Include="AnimationChanger.cpp">
      <Filter>ソース ファイル\object\player\animationChanger</Filter>
    </ClCompile>
    <ClCompile Include="Wall.cpp">
      <Filter>ソース ファイル\collisionObject\wall</Filter>
    </ClCompile>
    <ClCompile Include="Player.cpp">
      <Filter>ソース ファイル\object\player</Filter>
    </ClCompile>
    <ClCompile Include="Shadow.cpp">
      <Filter>ソース ファイル\object\shadow</Filter>
    </ClCompile>
    <ClCompile Include="DebugDrawer.cpp">
      <Filter>ソース ファイル\static\Debug</Filter>
    </ClCompile>
    <ClCompile Include="CoinObserver.cpp">
      <Filter>ソース ファイル\Observer\coin</Filter>
    </ClCompile>
    <ClCompile Include="UI.cpp">
      <Filter>ソース ファイル\object\UI</Filter>
    </ClCompile>
    <ClCompile Include="Game.cpp">
      <Filter>ソース ファイル\scene\game</Filter>
    </ClCompile>
    <ClCompile Include="Title.cpp">
      <Filter>ソース ファイル\scene\title</Filter>
    </ClCompile>
    <ClCompile Include="HitCheck.cpp">
      <Filter>ソース ファイル\static\hitCheck</Filter>
    </ClCompile>
    <ClCompile Include="GoalArea.cpp">
      <Filter>ソース ファイル\object\goalArea</Filter>
    </ClCompile>
    <ClCompile Include="Result.cpp">
      <Filter>ソース ファイル\scene\result</Filter>
    </ClCompile>
    <ClCompile Include="BlackOut.cpp">
      <Filter>ソース ファイル\scene\blackOut</Filter>
    </ClCompile>
    <ClCompile Include="Effect.cpp">
      <Filter>ソース ファイル\effect</Filter>
    </ClCompile>
    <ClCompile Include="GameTimer.cpp">
      <Filter>ソース ファイル\object\gameTimer</Filter>
    </ClCompile>
  </ItemGroup>
  <ItemGroup>
    <ClInclude Include="Camera.h">
      <Filter>ソース ファイル\object\camera</Filter>
    </ClInclude>
    <ClInclude Include="Input.h">
      <Filter>ソース ファイル\static\input</Filter>
    </ClInclude>
    <ClInclude Include="Player.h">
      <Filter>ソース ファイル\object\player</Filter>
    </ClInclude>
    <ClInclude Include="Map.h">
      <Filter>ソース ファイル\map</Filter>
    </ClInclude>
    <ClInclude Include="PlayerStateActionBase.h">
      <Filter>ソース ファイル\object\player\animation\Base</Filter>
    </ClInclude>
    <ClInclude Include="playerState.h">
      <Filter>ヘッダー ファイル</Filter>
    </ClInclude>
    <ClInclude Include="Field.h">
      <Filter>ソース ファイル\object\field</Filter>
    </ClInclude>
    <ClInclude Include="CollisionManager.h">
      <Filter>ソース ファイル\Collision</Filter>
    </ClInclude>
    <ClInclude Include="CoinObject.h">
      <Filter>ソース ファイル\object\coin</Filter>
    </ClInclude>
    <ClInclude Include="GameObjectManager.h">
      <Filter>ソース ファイル\manager\object</Filter>
    </ClInclude>
    <ClInclude Include="PlayerManager.h">
      <Filter>ソース ファイル\manager\player</Filter>
    </ClInclude>
    <ClInclude Include="SceneManager.h">
      <Filter>ソース ファイル\manager\scene</Filter>
    </ClInclude>
    <ClInclude Include="FieldMesh.h">
      <Filter>ソース ファイル\collisionObject\mesh</Filter>
    </ClInclude>
    <ClInclude Include="AnimTime.h">
      <Filter>ヘッダー ファイル</Filter>
    </ClInclude>
    <ClInclude Include="Calculation.h">
      <Filter>ソース ファイル\static\Calculation</Filter>
    </ClInclude>
    <ClInclude Include="CoinManager.h">
      <Filter>ソース ファイル\manager\coin</Filter>
    </ClInclude>
    <ClInclude Include="PadInput.h">
      <Filter>ソース ファイル\static\Pad</Filter>
    </ClInclude>
    <ClInclude Include="common.h">
      <Filter>ヘッダー ファイル</Filter>
    </ClInclude>
    <ClInclude Include="objects.h">
      <Filter>ヘッダー ファイル</Filter>
    </ClInclude>
    <ClInclude Include="PlayerCalculation.h">
      <Filter>ソース ファイル\object\player\moveCalclation</Filter>
    </ClInclude>
    <ClInclude Include="Falling_Idle.h">
      <Filter>ソース ファイル\object\player\animation\falling_Idle</Filter>
    </ClInclude>
    <ClInclude Include="Hanging_Idle.h">
      <Filter>ソース ファイル\object\player\animation\hanging_Idle</Filter>
    </ClInclude>
    <ClInclude Include="Idle.h">
      <Filter>ソース ファイル\object\player\animation\idle</Filter>
    </ClInclude>
    <ClInclude Include="Idle_To_Sprint.h">
      <Filter>ソース ファイル\object\player\animation\idle_to_sprint</Filter>
    </ClInclude>
    <ClInclude Include="Jump.h">
      <Filter>ソース ファイル\object\player\animation\jump</Filter>
    </ClInclude>
    <ClInclude Include="Quick_Roll.h">
      <Filter>ソース ファイル\object\player\animation\quick_roll</Filter>
    </ClInclude>
    <ClInclude Include="Run.h">
      <Filter>ソース ファイル\object\player\animation\run</Filter>
    </ClInclude>
    <ClInclude Include="Run_To_Stop.h">
      <Filter>ソース ファイル\object\player\animation\run_to_stop</Filter>
    </ClInclude>
    <ClInclude Include="Braced_Hang_To_Crouch.h">
      <Filter>ソース ファイル\object\player\animation\braced_Hang_To_Crouch</Filter>
    </ClInclude>
    <ClInclude Include="Layout.h">
      <Filter>ソース ファイル\layout</Filter>
    </ClInclude>
    <ClInclude Include="BaseChara.h">
      <Filter>ソース ファイル\Base\BaseChara</Filter>
    </ClInclude>
    <ClInclude Include="BaseManager.h">
      <Filter>ソース ファイル\Base\BaseManager</Filter>
    </ClInclude>
    <ClInclude Include="BaseObject.h">
      <Filter>ソース ファイル\Base\BaseObject</Filter>
    </ClInclude>
    <ClInclude Include="BaseScene.h">
      <Filter>ソース ファイル\Base\BaseScene</Filter>
    </ClInclude>
    <ClInclude Include="JsonManager.h">
      <Filter>ソース ファイル\manager\json</Filter>
    </ClInclude>
    <ClInclude Include="ObjectManager_interface.h">
      <Filter>ソース ファイル\Interface</Filter>
    </ClInclude>
    <ClInclude Include="BaseGameObjectManager.h">
      <Filter>ソース ファイル\Base\ObjectManger</Filter>
    </ClInclude>
    <ClInclude Include="Floor_sky.h">
      <Filter>ソース ファイル\collisionObject\floor_sky</Filter>
    </ClInclude>
    <ClInclude Include="AnimationChanger.h">
      <Filter>ソース ファイル\object\player\animationChanger</Filter>
    </ClInclude>
    <ClInclude Include="Wall.h">
      <Filter>ソース ファイル\collisionObject\wall</Filter>
    </ClInclude>
    <ClInclude Include="PlayerData.h">
      <Filter>ヘッダー ファイル</Filter>
    </ClInclude>
    <ClInclude Include="CollisionData.h">
      <Filter>ヘッダー ファイル</Filter>
    </ClInclude>
    <ClInclude Include="Shadow.h">
      <Filter>ソース ファイル\object\shadow</Filter>
    </ClInclude>
    <ClInclude Include="DebugDrawer.h">
      <Filter>ソース ファイル\static\Debug</Filter>
    </ClInclude>
    <ClInclude Include="CoinObserver.h">
      <Filter>ソース ファイル\Observer\coin</Filter>
    </ClInclude>
    <ClInclude Include="UI.h">
      <Filter>ソース ファイル\object\UI</Filter>
    </ClInclude>
    <ClInclude Include="Game.h">
      <Filter>ソース ファイル\scene\game</Filter>
    </ClInclude>
    <ClInclude Include="Title.h">
      <Filter>ソース ファイル\scene\title</Filter>
    </ClInclude>
    <ClInclude Include="HitCheck.h">
      <Filter>ソース ファイル\static\hitCheck</Filter>
    </ClInclude>
    <ClInclude Include="GoalArea.h">
      <Filter>ソース ファイル\object\goalArea</Filter>
    </ClInclude>
    <ClInclude Include="Result.h">
      <Filter>ソース ファイル\scene\result</Filter>
    </ClInclude>
    <ClInclude Include="BlackOut.h">
      <Filter>ソース ファイル\scene\blackOut</Filter>
    </ClInclude>
    <ClInclude Include="Effect.h">
      <Filter>ソース ファイル\effect</Filter>
    </ClInclude>
    <ClInclude Include="GameTimer.h">
      <Filter>ソース ファイル\object\gameTimer</Filter>
    </ClInclude>
  </ItemGroup>
  <ItemGroup>
    <None Include="Json\coin.Json">
      <Filter>ヘッダー ファイル\Json</Filter>
    </None>
    <None Include="Json\object.Json">
      <Filter>ヘッダー ファイル\Json</Filter>
    </None>
    <None Include="Json\floor_sky.Json">
      <Filter>ヘッダー ファイル\Json</Filter>
    </None>
  </ItemGroup>
  <ItemGroup>
    <Text Include="Json\player.Json">
      <Filter>ヘッダー ファイル\Json</Filter>
    </Text>
  </ItemGroup>
</Project>